<Solution>
  <Configurations>
    <Platform Name="x64" />
    <Platform Name="x86" />
  </Configurations>
  <Project Path="1차원 배열/1차원 배열.vcxproj" Id="88b380a4-20e6-447f-a3a9-c5693c72b848" />
  <Project Path="문자열/문자열.vcxproj" Id="8b76b25c-289b-4e93-8f54-dc160497fe37" />
  <Project Path="반복문/반복문.vcxproj" Id="669af167-afd7-4277-baa0-91a6606cdf36" />
  <Project Path="입출력과 사칙연산/입출력과 사칙연산.vcxproj" Id="e64c5d9d-ca8b-4ffb-a131-24aa2b538552" />
  <Project Path="조건문/조건문.vcxproj" Id="998c85d6-fcbe-40c4-ba75-6645507ee499" />
</Solution>
